
Microsoft Visual Studio Solution File, Format Version 12.00
# Visual Studio Version 16
VisualStudioVersion = 16.0.33214.272
MinimumVisualStudioVersion = 10.0.40219.1
Project("{FAE04EC0-301F-11D3-BF4B-00C04F79EFBC}") = "2001form2dogru", "2001form2dogru\2001form2dogru.csproj", "{F25E0B74-5A91-41C9-BA4B-627EB1B33DEE}"
EndProject
Global
	GlobalSection(SolutionConfigurationPlatforms) = preSolution
		Debug|Any CPU = Debug|Any CPU
		Release|Any CPU = Release|Any CPU
	EndGlobalSection
	GlobalSection(ProjectConfigurationPlatforms) = postSolution
		{F25E0B74-5A91-41C9-BA4B-627EB1B33DEE}.Debug|Any CPU.ActiveCfg = Debug|Any CPU
		{F25E0B74-5A91-41C9-BA4B-627EB1B33DEE}.Debug|Any CPU.Build.0 = Debug|Any CPU
		{F25E0B74-5A91-41C9-BA4B-627EB1B33DEE}.Release|Any CPU.ActiveCfg = Release|Any CPU
		{F25E0B74-5A91-41C9-BA4B-627EB1B33DEE}.Release|Any CPU.Build.0 = Release|Any CPU
	EndGlobalSection
	GlobalSection(SolutionProperties) = preSolution
		HideSolutionNode = FALSE
	EndGlobalSection
	GlobalSection(ExtensibilityGlobals) = postSolution
		SolutionGuid = {762817AB-05C3-4455-A348-6290501E5EC0}
	EndGlobalSection
EndGlobal
